
Microsoft Visual Studio Solution File, Format Version 12.00
# Visual Studio Version 17
VisualStudioVersion = 17.4.33205.214
MinimumVisualStudioVersion = 10.0.40219.1
Project("{FAE04EC0-301F-11D3-BF4B-00C04F79EFBC}") = "פרויקט", "פרויקט\פרויקט.csproj", "{8F393DEF-6A88-492E-BFA8-D403BA499EF1}"
EndProject
Global
	GlobalSection(SolutionConfigurationPlatforms) = preSolution
		Debug|Any CPU = Debug|Any CPU
		Release|Any CPU = Release|Any CPU
	EndGlobalSection
	GlobalSection(ProjectConfigurationPlatforms) = postSolution
		{8F393DEF-6A88-492E-BFA8-D403BA499EF1}.Debug|Any CPU.ActiveCfg = Debug|Any CPU
		{8F393DEF-6A88-492E-BFA8-D403BA499EF1}.Debug|Any CPU.Build.0 = Debug|Any CPU
		{8F393DEF-6A88-492E-BFA8-D403BA499EF1}.Release|Any CPU.ActiveCfg = Release|Any CPU
		{8F393DEF-6A88-492E-BFA8-D403BA499EF1}.Release|Any CPU.Build.0 = Release|Any CPU
	EndGlobalSection
	GlobalSection(SolutionProperties) = preSolution
		HideSolutionNode = FALSE
	EndGlobalSection
	GlobalSection(ExtensibilityGlobals) = postSolution
		SolutionGuid = {7EEA8CAE-DC69-4F76-AC4A-2EA0417E0392}
	EndGlobalSection
EndGlobal
